
Microsoft Visual Studio Solution File, Format Version 12.00
# Visual Studio Version 17
VisualStudioVersion = 17.14.36203.30
MinimumVisualStudioVersion = 10.0.40219.1
Project("{2150E333-8FDC-42A3-9474-1A3956D46DE8}") = "1 - front", "1 - front", "{02EA681E-C7D8-13C7-8484-4AC65E1B71E8}"
EndProject
Project("{2150E333-8FDC-42A3-9474-1A3956D46DE8}") = "2 - back", "2 - back", "{415903C1-F962-4956-A0D7-E90B13556DE2}"
EndProject
Project("{FAE04EC0-301F-11D3-BF4B-00C04F79EFBC}") = "Template.Common", "Template.Common\Template.Common.csproj", "{51C4A7B4-E97B-4EA0-AAC5-4A0591B76CDF}"
EndProject
Project("{FAE04EC0-301F-11D3-BF4B-00C04F79EFBC}") = "Template.Data", "Template.Data\Template.Data.csproj", "{F2016D3C-EACB-413E-AB9B-30DE83FF7F31}"
EndProject
Project("{FAE04EC0-301F-11D3-BF4B-00C04F79EFBC}") = "Template.Model", "Template.Model\Template.Model.csproj", "{50936DEE-C7F9-40DB-B6A2-8D57FD7D0B31}"
EndProject
Project("{FAE04EC0-301F-11D3-BF4B-00C04F79EFBC}") = "Template.Services", "Template.Services\Template.Services.csproj", "{0AE9232D-B544-4104-933D-A01D1535739B}"
EndProject
Project("{FAE04EC0-301F-11D3-BF4B-00C04F79EFBC}") = "Template.Api", "Template.Api\Template.Api.csproj", "{4297AC1B-0D0E-43C9-A0E2-C56D953EE38E}"
EndProject
Global
	GlobalSection(SolutionConfigurationPlatforms) = preSolution
		Debug|Any CPU = Debug|Any CPU
		Release|Any CPU = Release|Any CPU
	EndGlobalSection
	GlobalSection(ProjectConfigurationPlatforms) = postSolution
		{51C4A7B4-E97B-4EA0-AAC5-4A0591B76CDF}.Debug|Any CPU.ActiveCfg = Debug|Any CPU
		{51C4A7B4-E97B-4EA0-AAC5-4A0591B76CDF}.Debug|Any CPU.Build.0 = Debug|Any CPU
		{51C4A7B4-E97B-4EA0-AAC5-4A0591B76CDF}.Release|Any CPU.ActiveCfg = Release|Any CPU
		{51C4A7B4-E97B-4EA0-AAC5-4A0591B76CDF}.Release|Any CPU.Build.0 = Release|Any CPU
		{F2016D3C-EACB-413E-AB9B-30DE83FF7F31}.Debug|Any CPU.ActiveCfg = Debug|Any CPU
		{F2016D3C-EACB-413E-AB9B-30DE83FF7F31}.Debug|Any CPU.Build.0 = Debug|Any CPU
		{F2016D3C-EACB-413E-AB9B-30DE83FF7F31}.Release|Any CPU.ActiveCfg = Release|Any CPU
		{F2016D3C-EACB-413E-AB9B-30DE83FF7F31}.Release|Any CPU.Build.0 = Release|Any CPU
		{50936DEE-C7F9-40DB-B6A2-8D57FD7D0B31}.Debug|Any CPU.ActiveCfg = Debug|Any CPU
		{50936DEE-C7F9-40DB-B6A2-8D57FD7D0B31}.Debug|Any CPU.Build.0 = Debug|Any CPU
		{50936DEE-C7F9-40DB-B6A2-8D57FD7D0B31}.Release|Any CPU.ActiveCfg = Release|Any CPU
		{50936DEE-C7F9-40DB-B6A2-8D57FD7D0B31}.Release|Any CPU.Build.0 = Release|Any CPU
		{0AE9232D-B544-4104-933D-A01D1535739B}.Debug|Any CPU.ActiveCfg = Debug|Any CPU
		{0AE9232D-B544-4104-933D-A01D1535739B}.Debug|Any CPU.Build.0 = Debug|Any CPU
		{0AE9232D-B544-4104-933D-A01D1535739B}.Release|Any CPU.ActiveCfg = Release|Any CPU
		{0AE9232D-B544-4104-933D-A01D1535739B}.Release|Any CPU.Build.0 = Release|Any CPU
		{4297AC1B-0D0E-43C9-A0E2-C56D953EE38E}.Debug|Any CPU.ActiveCfg = Debug|Any CPU
		{4297AC1B-0D0E-43C9-A0E2-C56D953EE38E}.Debug|Any CPU.Build.0 = Debug|Any CPU
		{4297AC1B-0D0E-43C9-A0E2-C56D953EE38E}.Release|Any CPU.ActiveCfg = Release|Any CPU
		{4297AC1B-0D0E-43C9-A0E2-C56D953EE38E}.Release|Any CPU.Build.0 = Release|Any CPU
	EndGlobalSection
	GlobalSection(SolutionProperties) = preSolution
		HideSolutionNode = FALSE
	EndGlobalSection
	GlobalSection(NestedProjects) = preSolution
		{51C4A7B4-E97B-4EA0-AAC5-4A0591B76CDF} = {415903C1-F962-4956-A0D7-E90B13556DE2}
		{F2016D3C-EACB-413E-AB9B-30DE83FF7F31} = {415903C1-F962-4956-A0D7-E90B13556DE2}
		{50936DEE-C7F9-40DB-B6A2-8D57FD7D0B31} = {415903C1-F962-4956-A0D7-E90B13556DE2}
		{0AE9232D-B544-4104-933D-A01D1535739B} = {415903C1-F962-4956-A0D7-E90B13556DE2}
		{4297AC1B-0D0E-43C9-A0E2-C56D953EE38E} = {415903C1-F962-4956-A0D7-E90B13556DE2}
	EndGlobalSection
	GlobalSection(ExtensibilityGlobals) = postSolution
		SolutionGuid = {B92CC5CC-B752-4A4C-93FF-52D540EBA039}
	EndGlobalSection
EndGlobal
